
Microsoft Visual Studio Solution File, Format Version 12.00
# Visual Studio Version 17
VisualStudioVersion = 17.8.34316.72
MinimumVisualStudioVersion = 10.0.40219.1
Project("{FAE04EC0-301F-11D3-BF4B-00C04F79EFBC}") = "SimpLog.Databases.Oracle", "SimpLog.Databases.Oracle\SimpLog.Databases.Oracle.csproj", "{91383704-F2DE-48E9-BF85-C6412C712E79}"
EndProject
Global
	GlobalSection(SolutionConfigurationPlatforms) = preSolution
		Debug|Any CPU = Debug|Any CPU
		Release|Any CPU = Release|Any CPU
	EndGlobalSection
	GlobalSection(ProjectConfigurationPlatforms) = postSolution
		{91383704-F2DE-48E9-BF85-C6412C712E79}.Debug|Any CPU.ActiveCfg = Debug|Any CPU
		{91383704-F2DE-48E9-BF85-C6412C712E79}.Debug|Any CPU.Build.0 = Debug|Any CPU
		{91383704-F2DE-48E9-BF85-C6412C712E79}.Release|Any CPU.ActiveCfg = Release|Any CPU
		{91383704-F2DE-48E9-BF85-C6412C712E79}.Release|Any CPU.Build.0 = Release|Any CPU
	EndGlobalSection
	GlobalSection(SolutionProperties) = preSolution
		HideSolutionNode = FALSE
	EndGlobalSection
	GlobalSection(ExtensibilityGlobals) = postSolution
		SolutionGuid = {D786A826-E98A-4224-8343-2D4FBCFE7C2F}
	EndGlobalSection
EndGlobal
